// !$*UTF8*$!
{
	archiveVersion = 1;
	classes = {
	};
	objectVersion = 50;
	objects = {

/* Begin PBXBuildFile section */
		CFD5AEBE268ECE5D00471A5B /* AppDelegate.swift in Sources */ = {isa = PBXBuildFile; fileRef = CFD5AEBD268ECE5D00471A5B /* AppDelegate.swift */; };
		CFD5AEC0268ECE5D00471A5B /* SceneDelegate.swift in Sources */ = {isa = PBXBuildFile; fileRef = CFD5AEBF268ECE5D00471A5B /* SceneDelegate.swift */; };
		CFD5AEC2268ECE5D00471A5B /* ViewController.swift in Sources */ = {isa = PBXBuildFile; fileRef = CFD5AEC1268ECE5D00471A5B /* ViewController.swift */; };
		CFD5AEC5268ECE5D00471A5B /* Main.storyboard in Resources */ = {isa = PBXBuildFile; fileRef = CFD5AEC3268ECE5D00471A5B /* Main.storyboard */; };
		CFD5AEC7268ECE6000471A5B /* Assets.xcassets in Resources */ = {isa = PBXBuildFile; fileRef = CFD5AEC6268ECE6000471A5B /* Assets.xcassets */; };
		CFD5AECA268ECE6000471A5B /* LaunchScreen.storyboard in Resources */ = {isa = PBXBuildFile; fileRef = CFD5AEC8268ECE6000471A5B /* LaunchScreen.storyboard */; };
		CFD5AED2268EDB3E00471A5B /* TableView2ViewController.swift in Sources */ = {isa = PBXBuildFile; fileRef = CFD5AED1268EDB3E00471A5B /* TableView2ViewController.swift */; };
		CFD5AED4268EE80700471A5B /* SectionsAndCellsViewController.swift in Sources */ = {isa = PBXBuildFile; fileRef = CFD5AED3268EE80700471A5B /* SectionsAndCellsViewController.swift */; };
/* End PBXBuildFile section */

/* Begin PBXFileReference section */
		CFD5AEBA268ECE5D00471A5B /* TableViewBeginner.app */ = {isa = PBXFileReference; explicitFileType = wrapper.application; includeInIndex = 0; path = TableViewBeginner.app; sourceTree = BUILT_PRODUCTS_DIR; };
		CFD5AEBD268ECE5D00471A5B /* AppDelegate.swift */ = {isa = PBXFileReference; lastKnownFileType = sourcecode.swift; path = AppDelegate.swift; sourceTree = "<group>"; };
		CFD5AEBF268ECE5D00471A5B /* SceneDelegate.swift */ = {isa = PBXFileReference; lastKnownFileType = sourcecode.swift; path = SceneDelegate.swift; sourceTree = "<group>"; };
		CFD5AEC1268ECE5D00471A5B /* ViewController.swift */ = {isa = PBXFileReference; lastKnownFileType = sourcecode.swift; path = ViewController.swift; sourceTree = "<group>"; };
		CFD5AEC4268ECE5D00471A5B /* Base */ = {isa = PBXFileReference; lastKnownFileType = file.storyboard; name = Base; path = Base.lproj/Main.storyboard; sourceTree = "<group>"; };
		CFD5AEC6268ECE6000471A5B /* Assets.xcassets */ = {isa = PBXFileReference; lastKnownFileType = folder.assetcatalog; path = Assets.xcassets; sourceTree = "<group>"; };
		CFD5AEC9268ECE6000471A5B /* Base */ = {isa = PBXFileReference; lastKnownFileType = file.storyboard; name = Base; path = Base.lproj/LaunchScreen.storyboard; sourceTree = "<group>"; };
		CFD5AECB268ECE6000471A5B /* Info.plist */ = {isa = PBXFileReference; lastKnownFileType = text.plist.xml; path = Info.plist; sourceTree = "<group>"; };
		CFD5AED1268EDB3E00471A5B /* TableView2ViewController.swift */ = {isa = PBXFileReference; lastKnownFileType = sourcecode.swift; path = TableView2ViewController.swift; sourceTree = "<group>"; };
		CFD5AED3268EE80700471A5B /* SectionsAndCellsViewController.swift */ = {isa = PBXFileReference; lastKnownFileType = sourcecode.swift; path = SectionsAndCellsViewController.swift; sourceTree = "<group>"; };
/* End PBXFileReference section */

/* Begin PBXFrameworksBuildPhase section */
		CFD5AEB7268ECE5D00471A5B /* Frameworks */ = {
			isa = PBXFrameworksBuildPhase;
			buildActionMask = 2147483647;
			files = (
			);
			runOnlyForDeploymentPostprocessing = 0;
		};
/* End PBXFrameworksBuildPhase section */

/* Begin PBXGroup section */
		CFD5AEB1268ECE5D00471A5B = {
			isa = PBXGroup;
			children = (
				CFD5AEBC268ECE5D00471A5B /* TableViewBeginner */,
				CFD5AEBB268ECE5D00471A5B /* Products */,
			);
			sourceTree = "<group>";
		};
		CFD5AEBB268ECE5D00471A5B /* Products */ = {
			isa = PBXGroup;
			children = (
				CFD5AEBA268ECE5D00471A5B /* TableViewBeginner.app */,
			);
			name = Products;
			sourceTree = "<group>";
		};
		CFD5AEBC268ECE5D00471A5B /* TableViewBeginner */ = {
			isa = PBXGroup;
			children = (
				CFD5AEBD268ECE5D00471A5B /* AppDelegate.swift */,
				CFD5AEBF268ECE5D00471A5B /* SceneDelegate.swift */,
				CFD5AED3268EE80700471A5B /* SectionsAndCellsViewController.swift */,
				CFD5AEC1268ECE5D00471A5B /* ViewController.swift */,
				CFD5AED1268EDB3E00471A5B /* TableView2ViewController.swift */,
				CFD5AEC3268ECE5D00471A5B /* Main.storyboard */,
				CFD5AEC6268ECE6000471A5B /* Assets.xcassets */,
				CFD5AEC8268ECE6000471A5B /* LaunchScreen.storyboard */,
				CFD5AECB268ECE6000471A5B /* Info.plist */,
			);
			path = TableViewBeginner;
			sourceTree = "<group>";
		};
/* End PBXGroup section */

/* Begin PBXNativeTarget section */
		CFD5AEB9268ECE5D00471A5B /* TableViewBeginner */ = {
			isa = PBXNativeTarget;
			buildConfigurationList = CFD5AECE268ECE6000471A5B /* Build configuration list for PBXNativeTarget "TableViewBeginner" */;
			buildPhases = (
				CFD5AEB6268ECE5D00471A5B /* Sources */,
				CFD5AEB7268ECE5D00471A5B /* Frameworks */,
				CFD5AEB8268ECE5D00471A5B /* Resources */,
			);
			buildRules = (
			);
			dependencies = (
			);
			name = TableViewBeginner;
			productName = TableViewBeginner;
			productReference = CFD5AEBA268ECE5D00471A5B /* TableViewBeginner.app */;
			productType = "com.apple.product-type.application";
		};
/* End PBXNativeTarget section */

/* Begin PBXProject section */
		CFD5AEB2268ECE5D00471A5B /* Project object */ = {
			isa = PBXProject;
			attributes = {
				LastSwiftUpdateCheck = 1250;
				LastUpgradeCheck = 1250;
				TargetAttributes = {
					CFD5AEB9268ECE5D00471A5B = {
						CreatedOnToolsVersion = 12.5;
					};
				};
			};
			buildConfigurationList = CFD5AEB5268ECE5D00471A5B /* Build configuration list for PBXProject "TableViewBeginner" */;
			compatibilityVersion = "Xcode 9.3";
			developmentRegion = en;
			hasScannedForEncodings = 0;
			knownRegions = (
				en,
				Base,
			);
			mainGroup = CFD5AEB1268ECE5D00471A5B;
			productRefGroup = CFD5AEBB268ECE5D00471A5B /* Products */;
			projectDirPath = "";
			projectRoot = "";
			targets = (
				CFD5AEB9268ECE5D00471A5B /* TableViewBeginner */,
			);
		};
/* End PBXProject section */

/* Begin PBXResourcesBuildPhase section */
		CFD5AEB8268ECE5D00471A5B /* Resources */ = {
			isa = PBXResourcesBuildPhase;
			buildActionMask = 2147483647;
			files = (
				CFD5AECA268ECE6000471A5B /* LaunchScreen.storyboard in Resources */,
				CFD5AEC7268ECE6000471A5B /* Assets.xcassets in Resources */,
				CFD5AEC5268ECE5D00471A5B /* Main.storyboard in Resources */,
			);
			runOnlyForDeploymentPostprocessing = 0;
		};
/* End PBXResourcesBuildPhase section */

/* Begin PBXSourcesBuildPhase section */
		CFD5AEB6268ECE5D00471A5B /* Sources */ = {
			isa = PBXSourcesBuildPhase;
			buildActionMask = 2147483647;
			files = (
				CFD5AEC2268ECE5D00471A5B /* ViewController.swift in Sources */,
				CFD5AED2268EDB3E00471A5B /* TableView2ViewController.swift in Sources */,
				CFD5AEBE268ECE5D00471A5B /* AppDelegate.swift in Sources */,
				CFD5AED4268EE80700471A5B /* SectionsAndCellsViewController.swift in Sources */,
				CFD5AEC0268ECE5D00471A5B /* SceneDelegate.swift in Sources */,
			);
			runOnlyForDeploymentPostprocessing = 0;
		};
/* End PBXSourcesBuildPhase section */

/* Begin PBXVariantGroup section */
		CFD5AEC3268ECE5D00471A5B /* Main.storyboard */ = {
			isa = PBXVariantGroup;
			children = (
				CFD5AEC4268ECE5D00471A5B /* Base */,
			);
			name = Main.storyboard;
			sourceTree = "<group>";
		};
		CFD5AEC8268ECE6000471A5B /* LaunchScreen.storyboard */ = {
			isa = PBXVariantGroup;
			children = (
				CFD5AEC9268ECE6000471A5B /* Base */,
			);
			name = LaunchScreen.storyboard;
			sourceTree = "<group>";
		};
/* End PBXVariantGroup section */

/* Begin XCBuildConfiguration section */
		CFD5AECC268ECE6000471A5B /* Debug */ = {
			isa = XCBuildConfiguration;
			buildSettings = {
				ALWAYS_SEARCH_USER_PATHS = NO;
				CLANG_ANALYZER_NONNULL = YES;
				CLANG_ANALYZER_NUMBER_OBJECT_CONVERSION = YES_AGGRESSIVE;
				CLANG_CXX_LANGUAGE_STANDARD = "gnu++14";
				CLANG_CXX_LIBRARY = "libc++";
				CLANG_ENABLE_MODULES = YES;
				CLANG_ENABLE_OBJC_ARC = YES;
				CLANG_ENABLE_OBJC_WEAK = YES;
				CLANG_WARN_BLOCK_CAPTURE_AUTORELEASING = YES;
				CLANG_WARN_BOOL_CONVERSION = YES;
				CLANG_WARN_COMMA = YES;
				CLANG_WARN_CONSTANT_CONVERSION = YES;
				CLANG_WARN_DEPRECATED_OBJC_IMPLEMENTATIONS = YES;
				CLANG_WARN_DIRECT_OBJC_ISA_USAGE = YES_ERROR;
				CLANG_WARN_DOCUMENTATION_COMMENTS = YES;
				CLANG_WARN_EMPTY_BODY = YES;
				CLANG_WARN_ENUM_CONVERSION = YES;
				CLANG_WARN_INFINITE_RECURSION = YES;
				CLANG_WARN_INT_CONVERSION = YES;
				CLANG_WARN_NON_LITERAL_NULL_CONVERSION = YES;
				CLANG_WARN_OBJC_IMPLICIT_RETAIN_SELF = YES;
				CLANG_WARN_OBJC_LITERAL_CONVERSION = YES;
				CLANG_WARN_OBJC_ROOT_CLASS = YES_ERROR;
				CLANG_WARN_QUOTED_INCLUDE_IN_FRAMEWORK_HEADER = YES;
				CLANG_WARN_RANGE_LOOP_ANALYSIS = YES;
				CLANG_WARN_STRICT_PROTOTYPES = YES;
				CLANG_WARN_SUSPICIOUS_MOVE = YES;
				CLANG_WARN_UNGUARDED_AVAILABILITY = YES_AGGRESSIVE;
				CLANG_WARN_UNREACHABLE_CODE = YES;
				CLANG_WARN__DUPLICATE_METHOD_MATCH = YES;
				COPY_PHASE_STRIP = NO;
				DEBUG_INFORMATION_FORMAT = dwarf;
				ENABLE_STRICT_OBJC_MSGSEND = YES;
				ENABLE_TESTABILITY = YES;
				GCC_C_LANGUAGE_STANDARD = gnu11;
				GCC_DYNAMIC_NO_PIC = NO;
				GCC_NO_COMMON_BLOCKS = YES;
				GCC_OPTIMIZATION_LEVEL = 0;
				GCC_PREPROCESSOR_DEFINITIONS = (
					"DEBUG=1",
					"$(inherited)",
				);
				GCC_WARN_64_TO_32_BIT_CONVERSION = YES;
				GCC_WARN_ABOUT_RETURN_TYPE = YES_ERROR;
				GCC_WARN_UNDECLARED_SELECTOR = YES;
				GCC_WARN_UNINITIALIZED_AUTOS = YES_AGGRESSIVE;
				GCC_WARN_UNUSED_FUNCTION = YES;
				GCC_WARN_UNUSED_VARIABLE = YES;
				IPHONEOS_DEPLOYMENT_TARGET = 14.5;
				MTL_ENABLE_DEBUG_INFO = INCLUDE_SOURCE;
				MTL_FAST_MATH = YES;
				ONLY_ACTIVE_ARCH = YES;
				SDKROOT = iphoneos;
				SWIFT_ACTIVE_COMPILATION_CONDITIONS = DEBUG;
				SWIFT_OPTIMIZATION_LEVEL = "-Onone";
			};
			name = Debug;
		};
		CFD5AECD268ECE6000471A5B /* Release */ = {
			isa = XCBuildConfiguration;
			buildSettings = {
				ALWAYS_SEARCH_USER_PATHS = NO;
				CLANG_ANALYZER_NONNULL = YES;
				CLANG_ANALYZER_NUMBER_OBJECT_CONVERSION = YES_AGGRESSIVE;
				CLANG_CXX_LANGUAGE_STANDARD = "gnu++14";
				CLANG_CXX_LIBRARY = "libc++";
				CLANG_ENABLE_MODULES = YES;
				CLANG_ENABLE_OBJC_ARC = YES;
				CLANG_ENABLE_OBJC_WEAK = YES;
				CLANG_WARN_BLOCK_CAPTURE_AUTORELEASING = YES;
				CLANG_WARN_BOOL_CONVERSION = YES;
				CLANG_WARN_COMMA = YES;
				CLANG_WARN_CONSTANT_CONVERSION = YES;
				CLANG_WARN_DEPRECATED_OBJC_IMPLEMENTATIONS = YES;
				CLANG_WARN_DIRECT_OBJC_ISA_USAGE = YES_ERROR;
				CLANG_WARN_DOCUMENTATION_COMMENTS = YES;
				CLANG_WARN_EMPTY_BODY = YES;
				CLANG_WARN_ENUM_CONVERSION = YES;
				CLANG_WARN_INFINITE_RECURSION = YES;
				CLANG_WARN_INT_CONVERSION = YES;
				CLANG_WARN_NON_LITERAL_NULL_CONVERSION = YES;
				CLANG_WARN_OBJC_IMPLICIT_RETAIN_SELF = YES;
				CLANG_WARN_OBJC_LITERAL_CONVERSION = YES;
				CLANG_WARN_OBJC_ROOT_CLASS = YES_ERROR;
				CLANG_WARN_QUOTED_INCLUDE_IN_FRAMEWORK_HEADER = YES;
				CLANG_WARN_RANGE_LOOP_ANALYSIS = YES;
				CLANG_WARN_STRICT_PROTOTYPES = YES;
				CLANG_WARN_SUSPICIOUS_MOVE = YES;
				CLANG_WARN_UNGUARDED_AVAILABILITY = YES_AGGRESSIVE;
				CLANG_WARN_UNREACHABLE_CODE = YES;
				CLANG_WARN__DUPLICATE_METHOD_MATCH = YES;
				COPY_PHASE_STRIP = NO;
				DEBUG_INFORMATION_FORMAT = "dwarf-with-dsym";
				ENABLE_NS_ASSERTIONS = NO;
				ENABLE_STRICT_OBJC_MSGSEND = YES;
				GCC_C_LANGUAGE_STANDARD = gnu11;
				GCC_NO_COMMON_BLOCKS = YES;
				GCC_WARN_64_TO_32_BIT_CONVERSION = YES;
				GCC_WARN_ABOUT_RETURN_TYPE = YES_ERROR;
				GCC_WARN_UNDECLARED_SELECTOR = YES;
				GCC_WARN_UNINITIALIZED_AUTOS = YES_AGGRESSIVE;
				GCC_WARN_UNUSED_FUNCTION = YES;
				GCC_WARN_UNUSED_VARIABLE = YES;
				IPHONEOS_DEPLOYMENT_TARGET = 14.5;
				MTL_ENABLE_DEBUG_INFO = NO;
				MTL_FAST_MATH = YES;
				SDKROOT = iphoneos;
				SWIFT_COMPILATION_MODE = wholemodule;
				SWIFT_OPTIMIZATION_LEVEL = "-O";
				VALIDATE_PRODUCT = YES;
			};
			name = Release;
		};
		CFD5AECF268ECE6000471A5B /* Debug */ = {
			isa = XCBuildConfiguration;
			buildSettings = {
				ASSETCATALOG_COMPILER_APPICON_NAME = AppIcon;
				ASSETCATALOG_COMPILER_GLOBAL_ACCENT_COLOR_NAME = AccentColor;
				CODE_SIGN_STYLE = Automatic;
				DEVELOPMENT_TEAM = XS2R7967QT;
				INFOPLIST_FILE = TableViewBeginner/Info.plist;
				LD_RUNPATH_SEARCH_PATHS = (
					"$(inherited)",
					"@executable_path/Frameworks",
				);
				PRODUCT_BUNDLE_IDENTIFIER = cow.iwaski.TableViewBeginner;
				PRODUCT_NAME = "$(TARGET_NAME)";
				SWIFT_VERSION = 5.0;
				TARGETED_DEVICE_FAMILY = "1,2";
			};
			name = Debug;
		};
		CFD5AED0268ECE6000471A5B /* Release */ = {
			isa = XCBuildConfiguration;
			buildSettings = {
				ASSETCATALOG_COMPILER_APPICON_NAME = AppIcon;
				ASSETCATALOG_COMPILER_GLOBAL_ACCENT_COLOR_NAME = AccentColor;
				CODE_SIGN_STYLE = Automatic;
				DEVELOPMENT_TEAM = XS2R7967QT;
				INFOPLIST_FILE = TableViewBeginner/Info.plist;
				LD_RUNPATH_SEARCH_PATHS = (
					"$(inherited)",
					"@executable_path/Frameworks",
				);
				PRODUCT_BUNDLE_IDENTIFIER = cow.iwaski.TableViewBeginner;
				PRODUCT_NAME = "$(TARGET_NAME)";
				SWIFT_VERSION = 5.0;
				TARGETED_DEVICE_FAMILY = "1,2";
			};
			name = Release;
		};
/* End XCBuildConfiguration section */

/* Begin XCConfigurationList section */
		CFD5AEB5268ECE5D00471A5B /* Build configuration list for PBXProject "TableViewBeginner" */ = {
			isa = XCConfigurationList;
			buildConfigurations = (
				CFD5AECC268ECE6000471A5B /* Debug */,
				CFD5AECD268ECE6000471A5B /* Release */,
			);
			defaultConfigurationIsVisible = 0;
			defaultConfigurationName = Release;
		};
		CFD5AECE268ECE6000471A5B /* Build configuration list for PBXNativeTarget "TableViewBeginner" */ = {
			isa = XCConfigurationList;
			buildConfigurations = (
				CFD5AECF268ECE6000471A5B /* Debug */,
				CFD5AED0268ECE6000471A5B /* Release */,
			);
			defaultConfigurationIsVisible = 0;
			defaultConfigurationName = Release;
		};
/* End XCConfigurationList section */
	};
	rootObject = CFD5AEB2268ECE5D00471A5B /* Project object */;
}
